// !$*UTF8*$!
{
	archiveVersion = 1;
	classes = {
	};
	objectVersion = 55;
	objects = {

/* Begin PBXBuildFile section */
		529E4C71270E8D7300FF4EF8 /* iiparkitApp.swift in Sources */ = {isa = PBXBuildFile; fileRef = 529E4C70270E8D7300FF4EF8 /* iiparkitApp.swift */; };
		529E4C73270E8D7300FF4EF8 /* ContentView.swift in Sources */ = {isa = PBXBuildFile; fileRef = 529E4C72270E8D7300FF4EF8 /* ContentView.swift */; };
		529E4C75270E8D7500FF4EF8 /* Assets.xcassets in Resources */ = {isa = PBXBuildFile; fileRef = 529E4C74270E8D7500FF4EF8 /* Assets.xcassets */; };
		529E4C78270E8D7500FF4EF8 /* Preview Assets.xcassets in Resources */ = {isa = PBXBuildFile; fileRef = 529E4C77270E8D7500FF4EF8 /* Preview Assets.xcassets */; };
		529E4C7A270E8D7500FF4EF8 /* Persistence.swift in Sources */ = {isa = PBXBuildFile; fileRef = 529E4C79270E8D7500FF4EF8 /* Persistence.swift */; };
		529E4C7D270E8D7500FF4EF8 /* iiparkit.xcdatamodeld in Sources */ = {isa = PBXBuildFile; fileRef = 529E4C7B270E8D7500FF4EF8 /* iiparkit.xcdatamodeld */; };
/* End PBXBuildFile section */

/* Begin PBXFileReference section */
		529E4C6D270E8D7300FF4EF8 /* iiparkit.app */ = {isa = PBXFileReference; explicitFileType = wrapper.application; includeInIndex = 0; path = iiparkit.app; sourceTree = BUILT_PRODUCTS_DIR; };
		529E4C70270E8D7300FF4EF8 /* iiparkitApp.swift */ = {isa = PBXFileReference; lastKnownFileType = sourcecode.swift; path = iiparkitApp.swift; sourceTree = "<group>"; };
		529E4C72270E8D7300FF4EF8 /* ContentView.swift */ = {isa = PBXFileReference; lastKnownFileType = sourcecode.swift; path = ContentView.swift; sourceTree = "<group>"; };
		529E4C74270E8D7500FF4EF8 /* Assets.xcassets */ = {isa = PBXFileReference; lastKnownFileType = folder.assetcatalog; path = Assets.xcassets; sourceTree = "<group>"; };
		529E4C77270E8D7500FF4EF8 /* Preview Assets.xcassets */ = {isa = PBXFileReference; lastKnownFileType = folder.assetcatalog; path = "Preview Assets.xcassets"; sourceTree = "<group>"; };
		529E4C79270E8D7500FF4EF8 /* Persistence.swift */ = {isa = PBXFileReference; lastKnownFileType = sourcecode.swift; path = Persistence.swift; sourceTree = "<group>"; };
		529E4C7C270E8D7500FF4EF8 /* iiparkit.xcdatamodel */ = {isa = PBXFileReference; lastKnownFileType = wrapper.xcdatamodel; path = iiparkit.xcdatamodel; sourceTree = "<group>"; };
/* End PBXFileReference section */

/* Begin PBXFrameworksBuildPhase section */
		529E4C6A270E8D7300FF4EF8 /* Frameworks */ = {
			isa = PBXFrameworksBuildPhase;
			buildActionMask = 2147483647;
			files = (
			);
			runOnlyForDeploymentPostprocessing = 0;
		};
/* End PBXFrameworksBuildPhase section */

/* Begin PBXGroup section */
		529E4C64270E8D7300FF4EF8 = {
			isa = PBXGroup;
			children = (
				529E4C6F270E8D7300FF4EF8 /* iiparkit */,
				529E4C6E270E8D7300FF4EF8 /* Products */,
			);
			sourceTree = "<group>";
		};
		529E4C6E270E8D7300FF4EF8 /* Products */ = {
			isa = PBXGroup;
			children = (
				529E4C6D270E8D7300FF4EF8 /* iiparkit.app */,
			);
			name = Products;
			sourceTree = "<group>";
		};
		529E4C6F270E8D7300FF4EF8 /* iiparkit */ = {
			isa = PBXGroup;
			children = (
				529E4C70270E8D7300FF4EF8 /* iiparkitApp.swift */,
				529E4C72270E8D7300FF4EF8 /* ContentView.swift */,
				529E4C74270E8D7500FF4EF8 /* Assets.xcassets */,
				529E4C79270E8D7500FF4EF8 /* Persistence.swift */,
				529E4C7B270E8D7500FF4EF8 /* iiparkit.xcdatamodeld */,
				529E4C76270E8D7500FF4EF8 /* Preview Content */,
			);
			path = iiparkit;
			sourceTree = "<group>";
		};
		529E4C76270E8D7500FF4EF8 /* Preview Content */ = {
			isa = PBXGroup;
			children = (
				529E4C77270E8D7500FF4EF8 /* Preview Assets.xcassets */,
			);
			path = "Preview Content";
			sourceTree = "<group>";
		};
/* End PBXGroup section */

/* Begin PBXNativeTarget section */
		529E4C6C270E8D7300FF4EF8 /* iiparkit */ = {
			isa = PBXNativeTarget;
			buildConfigurationList = 529E4C80270E8D7500FF4EF8 /* Build configuration list for PBXNativeTarget "iiparkit" */;
			buildPhases = (
				529E4C69270E8D7300FF4EF8 /* Sources */,
				529E4C6A270E8D7300FF4EF8 /* Frameworks */,
				529E4C6B270E8D7300FF4EF8 /* Resources */,
			);
			buildRules = (
			);
			dependencies = (
			);
			name = iiparkit;
			productName = iiparkit;
			productReference = 529E4C6D270E8D7300FF4EF8 /* iiparkit.app */;
			productType = "com.apple.product-type.application";
		};
/* End PBXNativeTarget section */

/* Begin PBXProject section */
		529E4C65270E8D7300FF4EF8 /* Project object */ = {
			isa = PBXProject;
			attributes = {
				BuildIndependentTargetsInParallel = 1;
				LastSwiftUpdateCheck = 1300;
				LastUpgradeCheck = 1300;
				TargetAttributes = {
					529E4C6C270E8D7300FF4EF8 = {
						CreatedOnToolsVersion = 13.0;
					};
				};
			};
			buildConfigurationList = 529E4C68270E8D7300FF4EF8 /* Build configuration list for PBXProject "iiparkit" */;
			compatibilityVersion = "Xcode 13.0";
			developmentRegion = en;
			hasScannedForEncodings = 0;
			knownRegions = (
				en,
				Base,
			);
			mainGroup = 529E4C64270E8D7300FF4EF8;
			productRefGroup = 529E4C6E270E8D7300FF4EF8 /* Products */;
			projectDirPath = "";
			projectRoot = "";
			targets = (
				529E4C6C270E8D7300FF4EF8 /* iiparkit */,
			);
		};
/* End PBXProject section */

/* Begin PBXResourcesBuildPhase section */
		529E4C6B270E8D7300FF4EF8 /* Resources */ = {
			isa = PBXResourcesBuildPhase;
			buildActionMask = 2147483647;
			files = (
				529E4C78270E8D7500FF4EF8 /* Preview Assets.xcassets in Resources */,
				529E4C75270E8D7500FF4EF8 /* Assets.xcassets in Resources */,
			);
			runOnlyForDeploymentPostprocessing = 0;
		};
/* End PBXResourcesBuildPhase section */

/* Begin PBXSourcesBuildPhase section */
		529E4C69270E8D7300FF4EF8 /* Sources */ = {
			isa = PBXSourcesBuildPhase;
			buildActionMask = 2147483647;
			files = (
				529E4C7A270E8D7500FF4EF8 /* Persistence.swift in Sources */,
				529E4C73270E8D7300FF4EF8 /* ContentView.swift in Sources */,
				529E4C7D270E8D7500FF4EF8 /* iiparkit.xcdatamodeld in Sources */,
				529E4C71270E8D7300FF4EF8 /* iiparkitApp.swift in Sources */,
			);
			runOnlyForDeploymentPostprocessing = 0;
		};
/* End PBXSourcesBuildPhase section */

/* Begin XCBuildConfiguration section */
		529E4C7E270E8D7500FF4EF8 /* Debug */ = {
			isa = XCBuildConfiguration;
			buildSettings = {
				ALWAYS_SEARCH_USER_PATHS = NO;
				CLANG_ANALYZER_NONNULL = YES;
				CLANG_ANALYZER_NUMBER_OBJECT_CONVERSION = YES_AGGRESSIVE;
				CLANG_CXX_LANGUAGE_STANDARD = "gnu++17";
				CLANG_CXX_LIBRARY = "libc++";
				CLANG_ENABLE_MODULES = YES;
				CLANG_ENABLE_OBJC_ARC = YES;
				CLANG_ENABLE_OBJC_WEAK = YES;
				CLANG_WARN_BLOCK_CAPTURE_AUTORELEASING = YES;
				CLANG_WARN_BOOL_CONVERSION = YES;
				CLANG_WARN_COMMA = YES;
				CLANG_WARN_CONSTANT_CONVERSION = YES;
				CLANG_WARN_DEPRECATED_OBJC_IMPLEMENTATIONS = YES;
				CLANG_WARN_DIRECT_OBJC_ISA_USAGE = YES_ERROR;
				CLANG_WARN_DOCUMENTATION_COMMENTS = YES;
				CLANG_WARN_EMPTY_BODY = YES;
				CLANG_WARN_ENUM_CONVERSION = YES;
				CLANG_WARN_INFINITE_RECURSION = YES;
				CLANG_WARN_INT_CONVERSION = YES;
				CLANG_WARN_NON_LITERAL_NULL_CONVERSION = YES;
				CLANG_WARN_OBJC_IMPLICIT_RETAIN_SELF = YES;
				CLANG_WARN_OBJC_LITERAL_CONVERSION = YES;
				CLANG_WARN_OBJC_ROOT_CLASS = YES_ERROR;
				CLANG_WARN_QUOTED_INCLUDE_IN_FRAMEWORK_HEADER = YES;
				CLANG_WARN_RANGE_LOOP_ANALYSIS = YES;
				CLANG_WARN_STRICT_PROTOTYPES = YES;
				CLANG_WARN_SUSPICIOUS_MOVE = YES;
				CLANG_WARN_UNGUARDED_AVAILABILITY = YES_AGGRESSIVE;
				CLANG_WARN_UNREACHABLE_CODE = YES;
				CLANG_WARN__DUPLICATE_METHOD_MATCH = YES;
				COPY_PHASE_STRIP = NO;
				DEBUG_INFORMATION_FORMAT = dwarf;
				ENABLE_STRICT_OBJC_MSGSEND = YES;
				ENABLE_TESTABILITY = YES;
				GCC_C_LANGUAGE_STANDARD = gnu11;
				GCC_DYNAMIC_NO_PIC = NO;
				GCC_NO_COMMON_BLOCKS = YES;
				GCC_OPTIMIZATION_LEVEL = 0;
				GCC_PREPROCESSOR_DEFINITIONS = (
					"DEBUG=1",
					"$(inherited)",
				);
				GCC_WARN_64_TO_32_BIT_CONVERSION = YES;
				GCC_WARN_ABOUT_RETURN_TYPE = YES_ERROR;
				GCC_WARN_UNDECLARED_SELECTOR = YES;
				GCC_WARN_UNINITIALIZED_AUTOS = YES_AGGRESSIVE;
				GCC_WARN_UNUSED_FUNCTION = YES;
				GCC_WARN_UNUSED_VARIABLE = YES;
				IPHONEOS_DEPLOYMENT_TARGET = 15.0;
				MTL_ENABLE_DEBUG_INFO = INCLUDE_SOURCE;
				MTL_FAST_MATH = YES;
				ONLY_ACTIVE_ARCH = YES;
				SDKROOT = iphoneos;
				SWIFT_ACTIVE_COMPILATION_CONDITIONS = DEBUG;
				SWIFT_OPTIMIZATION_LEVEL = "-Onone";
			};
			name = Debug;
		};
		529E4C7F270E8D7500FF4EF8 /* Release */ = {
			isa = XCBuildConfiguration;
			buildSettings = {
				ALWAYS_SEARCH_USER_PATHS = NO;
				CLANG_ANALYZER_NONNULL = YES;
				CLANG_ANALYZER_NUMBER_OBJECT_CONVERSION = YES_AGGRESSIVE;
				CLANG_CXX_LANGUAGE_STANDARD = "gnu++17";
				CLANG_CXX_LIBRARY = "libc++";
				CLANG_ENABLE_MODULES = YES;
				CLANG_ENABLE_OBJC_ARC = YES;
				CLANG_ENABLE_OBJC_WEAK = YES;
				CLANG_WARN_BLOCK_CAPTURE_AUTORELEASING = YES;
				CLANG_WARN_BOOL_CONVERSION = YES;
				CLANG_WARN_COMMA = YES;
				CLANG_WARN_CONSTANT_CONVERSION = YES;
				CLANG_WARN_DEPRECATED_OBJC_IMPLEMENTATIONS = YES;
				CLANG_WARN_DIRECT_OBJC_ISA_USAGE = YES_ERROR;
				CLANG_WARN_DOCUMENTATION_COMMENTS = YES;
				CLANG_WARN_EMPTY_BODY = YES;
				CLANG_WARN_ENUM_CONVERSION = YES;
				CLANG_WARN_INFINITE_RECURSION = YES;
				CLANG_WARN_INT_CONVERSION = YES;
				CLANG_WARN_NON_LITERAL_NULL_CONVERSION = YES;
				CLANG_WARN_OBJC_IMPLICIT_RETAIN_SELF = YES;
				CLANG_WARN_OBJC_LITERAL_CONVERSION = YES;
				CLANG_WARN_OBJC_ROOT_CLASS = YES_ERROR;
				CLANG_WARN_QUOTED_INCLUDE_IN_FRAMEWORK_HEADER = YES;
				CLANG_WARN_RANGE_LOOP_ANALYSIS = YES;
				CLANG_WARN_STRICT_PROTOTYPES = YES;
				CLANG_WARN_SUSPICIOUS_MOVE = YES;
				CLANG_WARN_UNGUARDED_AVAILABILITY = YES_AGGRESSIVE;
				CLANG_WARN_UNREACHABLE_CODE = YES;
				CLANG_WARN__DUPLICATE_METHOD_MATCH = YES;
				COPY_PHASE_STRIP = NO;
				DEBUG_INFORMATION_FORMAT = "dwarf-with-dsym";
				ENABLE_NS_ASSERTIONS = NO;
				ENABLE_STRICT_OBJC_MSGSEND = YES;
				GCC_C_LANGUAGE_STANDARD = gnu11;
				GCC_NO_COMMON_BLOCKS = YES;
				GCC_WARN_64_TO_32_BIT_CONVERSION = YES;
				GCC_WARN_ABOUT_RETURN_TYPE = YES_ERROR;
				GCC_WARN_UNDECLARED_SELECTOR = YES;
				GCC_WARN_UNINITIALIZED_AUTOS = YES_AGGRESSIVE;
				GCC_WARN_UNUSED_FUNCTION = YES;
				GCC_WARN_UNUSED_VARIABLE = YES;
				IPHONEOS_DEPLOYMENT_TARGET = 15.0;
				MTL_ENABLE_DEBUG_INFO = NO;
				MTL_FAST_MATH = YES;
				SDKROOT = iphoneos;
				SWIFT_COMPILATION_MODE = wholemodule;
				SWIFT_OPTIMIZATION_LEVEL = "-O";
				VALIDATE_PRODUCT = YES;
			};
			name = Release;
		};
		529E4C81270E8D7500FF4EF8 /* Debug */ = {
			isa = XCBuildConfiguration;
			buildSettings = {
				ASSETCATALOG_COMPILER_APPICON_NAME = AppIcon;
				ASSETCATALOG_COMPILER_GLOBAL_ACCENT_COLOR_NAME = AccentColor;
				CODE_SIGN_STYLE = Automatic;
				CURRENT_PROJECT_VERSION = 1;
				DEVELOPMENT_ASSET_PATHS = "\"iiparkit/Preview Content\"";
				DEVELOPMENT_TEAM = M444U6V5CQ;
				ENABLE_PREVIEWS = YES;
				GENERATE_INFOPLIST_FILE = YES;
				INFOPLIST_KEY_UIApplicationSceneManifest_Generation = YES;
				INFOPLIST_KEY_UIApplicationSupportsIndirectInputEvents = YES;
				INFOPLIST_KEY_UILaunchScreen_Generation = YES;
				INFOPLIST_KEY_UISupportedInterfaceOrientations = "";
				INFOPLIST_KEY_UISupportedInterfaceOrientations_iPad = "UIInterfaceOrientationPortrait UIInterfaceOrientationPortraitUpsideDown UIInterfaceOrientationLandscapeLeft UIInterfaceOrientationLandscapeRight";
				INFOPLIST_KEY_UISupportedInterfaceOrientations_iPhone = "UIInterfaceOrientationPortrait UIInterfaceOrientationLandscapeLeft UIInterfaceOrientationLandscapeRight";
				IPHONEOS_DEPLOYMENT_TARGET = 14.0;
				LD_RUNPATH_SEARCH_PATHS = (
					"$(inherited)",
					"@executable_path/Frameworks",
				);
				MARKETING_VERSION = 1.0;
				PRODUCT_BUNDLE_IDENTIFIER = com.varaplatforms.iiparkit;
				PRODUCT_NAME = "$(TARGET_NAME)";
				SWIFT_EMIT_LOC_STRINGS = YES;
				SWIFT_VERSION = 5.0;
				TARGETED_DEVICE_FAMILY = "1,2";
			};
			name = Debug;
		};
		529E4C82270E8D7500FF4EF8 /* Release */ = {
			isa = XCBuildConfiguration;
			buildSettings = {
				ASSETCATALOG_COMPILER_APPICON_NAME = AppIcon;
				ASSETCATALOG_COMPILER_GLOBAL_ACCENT_COLOR_NAME = AccentColor;
				CODE_SIGN_STYLE = Automatic;
				CURRENT_PROJECT_VERSION = 1;
				DEVELOPMENT_ASSET_PATHS = "\"iiparkit/Preview Content\"";
				DEVELOPMENT_TEAM = M444U6V5CQ;
				ENABLE_PREVIEWS = YES;
				GENERATE_INFOPLIST_FILE = YES;
				INFOPLIST_KEY_UIApplicationSceneManifest_Generation = YES;
				INFOPLIST_KEY_UIApplicationSupportsIndirectInputEvents = YES;
				INFOPLIST_KEY_UILaunchScreen_Generation = YES;
				INFOPLIST_KEY_UISupportedInterfaceOrientations = "";
				INFOPLIST_KEY_UISupportedInterfaceOrientations_iPad = "UIInterfaceOrientationPortrait UIInterfaceOrientationPortraitUpsideDown UIInterfaceOrientationLandscapeLeft UIInterfaceOrientationLandscapeRight";
				INFOPLIST_KEY_UISupportedInterfaceOrientations_iPhone = "UIInterfaceOrientationPortrait UIInterfaceOrientationLandscapeLeft UIInterfaceOrientationLandscapeRight";
				IPHONEOS_DEPLOYMENT_TARGET = 14.0;
				LD_RUNPATH_SEARCH_PATHS = (
					"$(inherited)",
					"@executable_path/Frameworks",
				);
				MARKETING_VERSION = 1.0;
				PRODUCT_BUNDLE_IDENTIFIER = com.varaplatforms.iiparkit;
				PRODUCT_NAME = "$(TARGET_NAME)";
				SWIFT_EMIT_LOC_STRINGS = YES;
				SWIFT_VERSION = 5.0;
				TARGETED_DEVICE_FAMILY = "1,2";
			};
			name = Release;
		};
/* End XCBuildConfiguration section */

/* Begin XCConfigurationList section */
		529E4C68270E8D7300FF4EF8 /* Build configuration list for PBXProject "iiparkit" */ = {
			isa = XCConfigurationList;
			buildConfigurations = (
				529E4C7E270E8D7500FF4EF8 /* Debug */,
				529E4C7F270E8D7500FF4EF8 /* Release */,
			);
			defaultConfigurationIsVisible = 0;
			defaultConfigurationName = Release;
		};
		529E4C80270E8D7500FF4EF8 /* Build configuration list for PBXNativeTarget "iiparkit" */ = {
			isa = XCConfigurationList;
			buildConfigurations = (
				529E4C81270E8D7500FF4EF8 /* Debug */,
				529E4C82270E8D7500FF4EF8 /* Release */,
			);
			defaultConfigurationIsVisible = 0;
			defaultConfigurationName = Release;
		};
/* End XCConfigurationList section */

/* Begin XCVersionGroup section */
		529E4C7B270E8D7500FF4EF8 /* iiparkit.xcdatamodeld */ = {
			isa = XCVersionGroup;
			children = (
				529E4C7C270E8D7500FF4EF8 /* iiparkit.xcdatamodel */,
			);
			currentVersion = 529E4C7C270E8D7500FF4EF8 /* iiparkit.xcdatamodel */;
			path = iiparkit.xcdatamodeld;
			sourceTree = "<group>";
			versionGroupType = wrapper.xcdatamodel;
		};
/* End XCVersionGroup section */
	};
	rootObject = 529E4C65270E8D7300FF4EF8 /* Project object */;
}
